
Microsoft Visual Studio Solution File, Format Version 12.00
# Visual Studio 15
VisualStudioVersion = 15.0.28307.1622
MinimumVisualStudioVersion = 10.0.40219.1
Project("{FAE04EC0-301F-11D3-BF4B-00C04F79EFBC}") = "LoginForm", "WindowsLoginForm\LoginForm.csproj", "{816B3C3A-162B-4795-97D4-1F5EE2C8EEAB}"
EndProject
Global
	GlobalSection(SolutionConfigurationPlatforms) = preSolution
		Debug|Any CPU = Debug|Any CPU
		Release|Any CPU = Release|Any CPU
	EndGlobalSection
	GlobalSection(ProjectConfigurationPlatforms) = postSolution
		{816B3C3A-162B-4795-97D4-1F5EE2C8EEAB}.Debug|Any CPU.ActiveCfg = Debug|Any CPU
		{816B3C3A-162B-4795-97D4-1F5EE2C8EEAB}.Debug|Any CPU.Build.0 = Debug|Any CPU
		{816B3C3A-162B-4795-97D4-1F5EE2C8EEAB}.Release|Any CPU.ActiveCfg = Release|Any CPU
		{816B3C3A-162B-4795-97D4-1F5EE2C8EEAB}.Release|Any CPU.Build.0 = Release|Any CPU
	EndGlobalSection
	GlobalSection(SolutionProperties) = preSolution
		HideSolutionNode = FALSE
	EndGlobalSection
	GlobalSection(ExtensibilityGlobals) = postSolution
		SolutionGuid = {BC88A144-093E-43D0-98DF-A5E2FC551EA9}
	EndGlobalSection
EndGlobal
